// !$*UTF8*$!
{
	archiveVersion = 1;
	classes = {
	};
	objectVersion = 46;
	objects = {

/* Begin PBXBuildFile section */
		B64505BE1506AD0A002C2533 /* GLKit.framework in Frameworks */ = {isa = PBXBuildFile; fileRef = B64505BD1506AD0A002C2533 /* GLKit.framework */; };
		B64505CB1506E31C002C2533 /* OpenGLES.framework in Frameworks */ = {isa = PBXBuildFile; fileRef = B64505CA1506E31C002C2533 /* OpenGLES.framework */; };
		B64505CE1506E586002C2533 /* PlaybackInterfaceViewController.m in Sources */ = {isa = PBXBuildFile; fileRef = B64505CD1506E586002C2533 /* PlaybackInterfaceViewController.m */; };
		B657546B15059C6C004DC250 /* SongAnalyzer.m in Sources */ = {isa = PBXBuildFile; fileRef = B657546A15059C6C004DC250 /* SongAnalyzer.m */; };
		B65CFD581503BEB500551741 /* Accelerate.framework in Frameworks */ = {isa = PBXBuildFile; fileRef = B65CFD571503BEB500551741 /* Accelerate.framework */; };
		B65CFD5B1503D34800551741 /* CoreAudio.framework in Frameworks */ = {isa = PBXBuildFile; fileRef = B65CFD5A1503D34800551741 /* CoreAudio.framework */; };
		B65CFD5D1503D47300551741 /* Sample.mp3 in Resources */ = {isa = PBXBuildFile; fileRef = B65CFD5C1503D47300551741 /* Sample.mp3 */; };
		B65CFD601503D4ED00551741 /* AudioToolbox.framework in Frameworks */ = {isa = PBXBuildFile; fileRef = B65CFD5F1503D4ED00551741 /* AudioToolbox.framework */; };
		B65CFD641503D98400551741 /* SongModel.m in Sources */ = {isa = PBXBuildFile; fileRef = B65CFD631503D98400551741 /* SongModel.m */; };
		B674474F1506EF0000E81198 /* Debug.m in Sources */ = {isa = PBXBuildFile; fileRef = B674474E1506EF0000E81198 /* Debug.m */; };
		B6CB03701503BD8100821C33 /* UIKit.framework in Frameworks */ = {isa = PBXBuildFile; fileRef = B6CB036F1503BD8100821C33 /* UIKit.framework */; };
		B6CB03721503BD8100821C33 /* Foundation.framework in Frameworks */ = {isa = PBXBuildFile; fileRef = B6CB03711503BD8100821C33 /* Foundation.framework */; };
		B6CB03741503BD8100821C33 /* CoreGraphics.framework in Frameworks */ = {isa = PBXBuildFile; fileRef = B6CB03731503BD8100821C33 /* CoreGraphics.framework */; };
		B6CB037A1503BD8100821C33 /* InfoPlist.strings in Resources */ = {isa = PBXBuildFile; fileRef = B6CB03781503BD8100821C33 /* InfoPlist.strings */; };
		B6CB037C1503BD8100821C33 /* main.m in Sources */ = {isa = PBXBuildFile; fileRef = B6CB037B1503BD8100821C33 /* main.m */; };
		B6CB03801503BD8100821C33 /* AppDelegate.m in Sources */ = {isa = PBXBuildFile; fileRef = B6CB037F1503BD8100821C33 /* AppDelegate.m */; };
		B6CB03831503BD8100821C33 /* MainStoryboard.storyboard in Resources */ = {isa = PBXBuildFile; fileRef = B6CB03811503BD8100821C33 /* MainStoryboard.storyboard */; };
/* End PBXBuildFile section */

/* Begin PBXFileReference section */
		B64505BD1506AD0A002C2533 /* GLKit.framework */ = {isa = PBXFileReference; lastKnownFileType = wrapper.framework; name = GLKit.framework; path = System/Library/Frameworks/GLKit.framework; sourceTree = SDKROOT; };
		B64505CA1506E31C002C2533 /* OpenGLES.framework */ = {isa = PBXFileReference; lastKnownFileType = wrapper.framework; name = OpenGLES.framework; path = System/Library/Frameworks/OpenGLES.framework; sourceTree = SDKROOT; };
		B64505CC1506E586002C2533 /* PlaybackInterfaceViewController.h */ = {isa = PBXFileReference; fileEncoding = 4; lastKnownFileType = sourcecode.c.h; path = PlaybackInterfaceViewController.h; sourceTree = "<group>"; };
		B64505CD1506E586002C2533 /* PlaybackInterfaceViewController.m */ = {isa = PBXFileReference; fileEncoding = 4; lastKnownFileType = sourcecode.c.objc; path = PlaybackInterfaceViewController.m; sourceTree = "<group>"; };
		B657546915059C6C004DC250 /* SongAnalyzer.h */ = {isa = PBXFileReference; fileEncoding = 4; lastKnownFileType = sourcecode.c.h; path = SongAnalyzer.h; sourceTree = "<group>"; };
		B657546A15059C6C004DC250 /* SongAnalyzer.m */ = {isa = PBXFileReference; fileEncoding = 4; lastKnownFileType = sourcecode.c.objc; path = SongAnalyzer.m; sourceTree = "<group>"; };
		B65CFD571503BEB500551741 /* Accelerate.framework */ = {isa = PBXFileReference; lastKnownFileType = wrapper.framework; name = Accelerate.framework; path = System/Library/Frameworks/Accelerate.framework; sourceTree = SDKROOT; };
		B65CFD5A1503D34800551741 /* CoreAudio.framework */ = {isa = PBXFileReference; lastKnownFileType = wrapper.framework; name = CoreAudio.framework; path = System/Library/Frameworks/CoreAudio.framework; sourceTree = SDKROOT; };
		B65CFD5C1503D47300551741 /* Sample.mp3 */ = {isa = PBXFileReference; lastKnownFileType = audio.mp3; path = Sample.mp3; sourceTree = "<group>"; };
		B65CFD5F1503D4ED00551741 /* AudioToolbox.framework */ = {isa = PBXFileReference; lastKnownFileType = wrapper.framework; name = AudioToolbox.framework; path = System/Library/Frameworks/AudioToolbox.framework; sourceTree = SDKROOT; };
		B65CFD621503D98400551741 /* SongModel.h */ = {isa = PBXFileReference; fileEncoding = 4; lastKnownFileType = sourcecode.c.h; path = SongModel.h; sourceTree = "<group>"; };
		B65CFD631503D98400551741 /* SongModel.m */ = {isa = PBXFileReference; fileEncoding = 4; lastKnownFileType = sourcecode.c.objc; path = SongModel.m; sourceTree = "<group>"; };
		B674474D1506EF0000E81198 /* Debug.h */ = {isa = PBXFileReference; fileEncoding = 4; lastKnownFileType = sourcecode.c.h; path = Debug.h; sourceTree = "<group>"; };
		B674474E1506EF0000E81198 /* Debug.m */ = {isa = PBXFileReference; fileEncoding = 4; lastKnownFileType = sourcecode.c.objc; path = Debug.m; sourceTree = "<group>"; };
		B6CB036B1503BD8100821C33 /* PlayingWithFFTs.app */ = {isa = PBXFileReference; explicitFileType = wrapper.application; includeInIndex = 0; path = PlayingWithFFTs.app; sourceTree = BUILT_PRODUCTS_DIR; };
		B6CB036F1503BD8100821C33 /* UIKit.framework */ = {isa = PBXFileReference; lastKnownFileType = wrapper.framework; name = UIKit.framework; path = System/Library/Frameworks/UIKit.framework; sourceTree = SDKROOT; };
		B6CB03711503BD8100821C33 /* Foundation.framework */ = {isa = PBXFileReference; lastKnownFileType = wrapper.framework; name = Foundation.framework; path = System/Library/Frameworks/Foundation.framework; sourceTree = SDKROOT; };
		B6CB03731503BD8100821C33 /* CoreGraphics.framework */ = {isa = PBXFileReference; lastKnownFileType = wrapper.framework; name = CoreGraphics.framework; path = System/Library/Frameworks/CoreGraphics.framework; sourceTree = SDKROOT; };
		B6CB03771503BD8100821C33 /* PlayingWithFFTs-Info.plist */ = {isa = PBXFileReference; lastKnownFileType = text.plist.xml; path = "PlayingWithFFTs-Info.plist"; sourceTree = "<group>"; };
		B6CB03791503BD8100821C33 /* en */ = {isa = PBXFileReference; lastKnownFileType = text.plist.strings; name = en; path = en.lproj/InfoPlist.strings; sourceTree = "<group>"; };
		B6CB037B1503BD8100821C33 /* main.m */ = {isa = PBXFileReference; lastKnownFileType = sourcecode.c.objc; path = main.m; sourceTree = "<group>"; };
		B6CB037D1503BD8100821C33 /* PlayingWithFFTs-Prefix.pch */ = {isa = PBXFileReference; lastKnownFileType = sourcecode.c.h; path = "PlayingWithFFTs-Prefix.pch"; sourceTree = "<group>"; };
		B6CB037E1503BD8100821C33 /* AppDelegate.h */ = {isa = PBXFileReference; lastKnownFileType = sourcecode.c.h; path = AppDelegate.h; sourceTree = "<group>"; };
		B6CB037F1503BD8100821C33 /* AppDelegate.m */ = {isa = PBXFileReference; lastKnownFileType = sourcecode.c.objc; path = AppDelegate.m; sourceTree = "<group>"; };
		B6CB03821503BD8100821C33 /* en */ = {isa = PBXFileReference; lastKnownFileType = file.storyboard; name = en; path = en.lproj/MainStoryboard.storyboard; sourceTree = "<group>"; };
/* End PBXFileReference section */

/* Begin PBXFrameworksBuildPhase section */
		B6CB03681503BD8100821C33 /* Frameworks */ = {
			isa = PBXFrameworksBuildPhase;
			buildActionMask = 2147483647;
			files = (
				B64505CB1506E31C002C2533 /* OpenGLES.framework in Frameworks */,
				B64505BE1506AD0A002C2533 /* GLKit.framework in Frameworks */,
				B65CFD601503D4ED00551741 /* AudioToolbox.framework in Frameworks */,
				B65CFD5B1503D34800551741 /* CoreAudio.framework in Frameworks */,
				B65CFD581503BEB500551741 /* Accelerate.framework in Frameworks */,
				B6CB03701503BD8100821C33 /* UIKit.framework in Frameworks */,
				B6CB03721503BD8100821C33 /* Foundation.framework in Frameworks */,
				B6CB03741503BD8100821C33 /* CoreGraphics.framework in Frameworks */,
			);
			runOnlyForDeploymentPostprocessing = 0;
		};
/* End PBXFrameworksBuildPhase section */

/* Begin PBXGroup section */
		B64505C91506DD2D002C2533 /* Controller */ = {
			isa = PBXGroup;
			children = (
				B64505CC1506E586002C2533 /* PlaybackInterfaceViewController.h */,
				B64505CD1506E586002C2533 /* PlaybackInterfaceViewController.m */,
			);
			name = Controller;
			sourceTree = "<group>";
		};
		B65CFD5E1503D48900551741 /* MP3 */ = {
			isa = PBXGroup;
			children = (
				B65CFD5C1503D47300551741 /* Sample.mp3 */,
			);
			name = MP3;
			sourceTree = "<group>";
		};
		B65CFD611503D97100551741 /* Audio */ = {
			isa = PBXGroup;
			children = (
				B65CFD621503D98400551741 /* SongModel.h */,
				B65CFD631503D98400551741 /* SongModel.m */,
				B657546915059C6C004DC250 /* SongAnalyzer.h */,
				B657546A15059C6C004DC250 /* SongAnalyzer.m */,
			);
			name = Audio;
			sourceTree = "<group>";
		};
		B674474C1506EEF300E81198 /* Debug */ = {
			isa = PBXGroup;
			children = (
				B674474D1506EF0000E81198 /* Debug.h */,
				B674474E1506EF0000E81198 /* Debug.m */,
			);
			name = Debug;
			sourceTree = "<group>";
		};
		B6CB03601503BD8100821C33 = {
			isa = PBXGroup;
			children = (
				B6CB03751503BD8100821C33 /* PlayingWithFFTs */,
				B6CB036E1503BD8100821C33 /* Frameworks */,
				B6CB036C1503BD8100821C33 /* Products */,
			);
			sourceTree = "<group>";
		};
		B6CB036C1503BD8100821C33 /* Products */ = {
			isa = PBXGroup;
			children = (
				B6CB036B1503BD8100821C33 /* PlayingWithFFTs.app */,
			);
			name = Products;
			sourceTree = "<group>";
		};
		B6CB036E1503BD8100821C33 /* Frameworks */ = {
			isa = PBXGroup;
			children = (
				B64505CA1506E31C002C2533 /* OpenGLES.framework */,
				B64505BD1506AD0A002C2533 /* GLKit.framework */,
				B65CFD5F1503D4ED00551741 /* AudioToolbox.framework */,
				B65CFD5A1503D34800551741 /* CoreAudio.framework */,
				B65CFD571503BEB500551741 /* Accelerate.framework */,
				B6CB036F1503BD8100821C33 /* UIKit.framework */,
				B6CB03711503BD8100821C33 /* Foundation.framework */,
				B6CB03731503BD8100821C33 /* CoreGraphics.framework */,
			);
			name = Frameworks;
			sourceTree = "<group>";
		};
		B6CB03751503BD8100821C33 /* PlayingWithFFTs */ = {
			isa = PBXGroup;
			children = (
				B674474C1506EEF300E81198 /* Debug */,
				B64505C91506DD2D002C2533 /* Controller */,
				B65CFD611503D97100551741 /* Audio */,
				B65CFD5E1503D48900551741 /* MP3 */,
				B6CB037E1503BD8100821C33 /* AppDelegate.h */,
				B6CB037F1503BD8100821C33 /* AppDelegate.m */,
				B6CB03811503BD8100821C33 /* MainStoryboard.storyboard */,
				B6CB03761503BD8100821C33 /* Supporting Files */,
			);
			path = PlayingWithFFTs;
			sourceTree = "<group>";
		};
		B6CB03761503BD8100821C33 /* Supporting Files */ = {
			isa = PBXGroup;
			children = (
				B6CB03771503BD8100821C33 /* PlayingWithFFTs-Info.plist */,
				B6CB03781503BD8100821C33 /* InfoPlist.strings */,
				B6CB037B1503BD8100821C33 /* main.m */,
				B6CB037D1503BD8100821C33 /* PlayingWithFFTs-Prefix.pch */,
			);
			name = "Supporting Files";
			sourceTree = "<group>";
		};
/* End PBXGroup section */

/* Begin PBXNativeTarget section */
		B6CB036A1503BD8100821C33 /* PlayingWithFFTs */ = {
			isa = PBXNativeTarget;
			buildConfigurationList = B6CB03891503BD8100821C33 /* Build configuration list for PBXNativeTarget "PlayingWithFFTs" */;
			buildPhases = (
				B6CB03671503BD8100821C33 /* Sources */,
				B6CB03681503BD8100821C33 /* Frameworks */,
				B6CB03691503BD8100821C33 /* Resources */,
			);
			buildRules = (
			);
			dependencies = (
			);
			name = PlayingWithFFTs;
			productName = PlayingWithFFTs;
			productReference = B6CB036B1503BD8100821C33 /* PlayingWithFFTs.app */;
			productType = "com.apple.product-type.application";
		};
/* End PBXNativeTarget section */

/* Begin PBXProject section */
		B6CB03621503BD8100821C33 /* Project object */ = {
			isa = PBXProject;
			attributes = {
				LastUpgradeCheck = 0420;
				ORGANIZATIONNAME = "Blu Trumpet";
			};
			buildConfigurationList = B6CB03651503BD8100821C33 /* Build configuration list for PBXProject "PlayingWithFFTs" */;
			compatibilityVersion = "Xcode 3.2";
			developmentRegion = English;
			hasScannedForEncodings = 0;
			knownRegions = (
				en,
			);
			mainGroup = B6CB03601503BD8100821C33;
			productRefGroup = B6CB036C1503BD8100821C33 /* Products */;
			projectDirPath = "";
			projectRoot = "";
			targets = (
				B6CB036A1503BD8100821C33 /* PlayingWithFFTs */,
			);
		};
/* End PBXProject section */

/* Begin PBXResourcesBuildPhase section */
		B6CB03691503BD8100821C33 /* Resources */ = {
			isa = PBXResourcesBuildPhase;
			buildActionMask = 2147483647;
			files = (
				B6CB037A1503BD8100821C33 /* InfoPlist.strings in Resources */,
				B6CB03831503BD8100821C33 /* MainStoryboard.storyboard in Resources */,
				B65CFD5D1503D47300551741 /* Sample.mp3 in Resources */,
			);
			runOnlyForDeploymentPostprocessing = 0;
		};
/* End PBXResourcesBuildPhase section */

/* Begin PBXSourcesBuildPhase section */
		B6CB03671503BD8100821C33 /* Sources */ = {
			isa = PBXSourcesBuildPhase;
			buildActionMask = 2147483647;
			files = (
				B6CB037C1503BD8100821C33 /* main.m in Sources */,
				B6CB03801503BD8100821C33 /* AppDelegate.m in Sources */,
				B65CFD641503D98400551741 /* SongModel.m in Sources */,
				B657546B15059C6C004DC250 /* SongAnalyzer.m in Sources */,
				B64505CE1506E586002C2533 /* PlaybackInterfaceViewController.m in Sources */,
				B674474F1506EF0000E81198 /* Debug.m in Sources */,
			);
			runOnlyForDeploymentPostprocessing = 0;
		};
/* End PBXSourcesBuildPhase section */

/* Begin PBXVariantGroup section */
		B6CB03781503BD8100821C33 /* InfoPlist.strings */ = {
			isa = PBXVariantGroup;
			children = (
				B6CB03791503BD8100821C33 /* en */,
			);
			name = InfoPlist.strings;
			sourceTree = "<group>";
		};
		B6CB03811503BD8100821C33 /* MainStoryboard.storyboard */ = {
			isa = PBXVariantGroup;
			children = (
				B6CB03821503BD8100821C33 /* en */,
			);
			name = MainStoryboard.storyboard;
			sourceTree = "<group>";
		};
/* End PBXVariantGroup section */

/* Begin XCBuildConfiguration section */
		B6CB03871503BD8100821C33 /* Debug */ = {
			isa = XCBuildConfiguration;
			buildSettings = {
				ALWAYS_SEARCH_USER_PATHS = NO;
				ARCHS = "$(ARCHS_STANDARD_32_BIT)";
				CLANG_ENABLE_OBJC_ARC = YES;
				"CODE_SIGN_IDENTITY[sdk=iphoneos*]" = "iPhone Developer";
				COPY_PHASE_STRIP = NO;
				GCC_C_LANGUAGE_STANDARD = gnu99;
				GCC_DYNAMIC_NO_PIC = NO;
				GCC_OPTIMIZATION_LEVEL = 0;
				GCC_PREPROCESSOR_DEFINITIONS = (
					"DEBUG=1",
					"$(inherited)",
				);
				GCC_SYMBOLS_PRIVATE_EXTERN = NO;
				GCC_VERSION = com.apple.compilers.llvm.clang.1_0;
				GCC_WARN_ABOUT_MISSING_PROTOTYPES = YES;
				GCC_WARN_ABOUT_RETURN_TYPE = YES;
				GCC_WARN_UNUSED_VARIABLE = YES;
				IPHONEOS_DEPLOYMENT_TARGET = 5.0;
				SDKROOT = iphoneos;
			};
			name = Debug;
		};
		B6CB03881503BD8100821C33 /* Release */ = {
			isa = XCBuildConfiguration;
			buildSettings = {
				ALWAYS_SEARCH_USER_PATHS = NO;
				ARCHS = "$(ARCHS_STANDARD_32_BIT)";
				CLANG_ENABLE_OBJC_ARC = YES;
				"CODE_SIGN_IDENTITY[sdk=iphoneos*]" = "iPhone Developer";
				COPY_PHASE_STRIP = YES;
				GCC_C_LANGUAGE_STANDARD = gnu99;
				GCC_VERSION = com.apple.compilers.llvm.clang.1_0;
				GCC_WARN_ABOUT_MISSING_PROTOTYPES = YES;
				GCC_WARN_ABOUT_RETURN_TYPE = YES;
				GCC_WARN_UNUSED_VARIABLE = YES;
				IPHONEOS_DEPLOYMENT_TARGET = 5.0;
				OTHER_CFLAGS = "-DNS_BLOCK_ASSERTIONS=1";
				SDKROOT = iphoneos;
				VALIDATE_PRODUCT = YES;
			};
			name = Release;
		};
		B6CB038A1503BD8100821C33 /* Debug */ = {
			isa = XCBuildConfiguration;
			buildSettings = {
				GCC_PRECOMPILE_PREFIX_HEADER = YES;
				GCC_PREFIX_HEADER = "PlayingWithFFTs/PlayingWithFFTs-Prefix.pch";
				INFOPLIST_FILE = "PlayingWithFFTs/PlayingWithFFTs-Info.plist";
				PRODUCT_NAME = "$(TARGET_NAME)";
				WRAPPER_EXTENSION = app;
			};
			name = Debug;
		};
		B6CB038B1503BD8100821C33 /* Release */ = {
			isa = XCBuildConfiguration;
			buildSettings = {
				GCC_PRECOMPILE_PREFIX_HEADER = YES;
				GCC_PREFIX_HEADER = "PlayingWithFFTs/PlayingWithFFTs-Prefix.pch";
				INFOPLIST_FILE = "PlayingWithFFTs/PlayingWithFFTs-Info.plist";
				PRODUCT_NAME = "$(TARGET_NAME)";
				WRAPPER_EXTENSION = app;
			};
			name = Release;
		};
/* End XCBuildConfiguration section */

/* Begin XCConfigurationList section */
		B6CB03651503BD8100821C33 /* Build configuration list for PBXProject "PlayingWithFFTs" */ = {
			isa = XCConfigurationList;
			buildConfigurations = (
				B6CB03871503BD8100821C33 /* Debug */,
				B6CB03881503BD8100821C33 /* Release */,
			);
			defaultConfigurationIsVisible = 0;
			defaultConfigurationName = Release;
		};
		B6CB03891503BD8100821C33 /* Build configuration list for PBXNativeTarget "PlayingWithFFTs" */ = {
			isa = XCConfigurationList;
			buildConfigurations = (
				B6CB038A1503BD8100821C33 /* Debug */,
				B6CB038B1503BD8100821C33 /* Release */,
			);
			defaultConfigurationIsVisible = 0;
			defaultConfigurationName = Release;
		};
/* End XCConfigurationList section */
	};
	rootObject = B6CB03621503BD8100821C33 /* Project object */;
}
